{
  "name": "lirbantu",
  "version": "1.0.0",
  "lockfileVersion": 3,
  "requires": true,
  "packages": {
    "": {
      "name": "lirbantu",
      "version": "1.0.0",
      "license": "ISC",
      "dependencies": {
        "ifont": "^1.0.3"
      }
    },
    "node_modules/ansi-purge": {
      "version": "1.1.0",
      "resolved": "https://registry.npmjs.org/ansi-purge/-/ansi-purge-1.1.0.tgz",
      "integrity": "sha512-sa1KWMANfZurQkYemaVNNJh8gRF0iUJvcVNxvjPlYM9pPPTB0v+VKH/mFRz4s6gXA8plimQXorJSqJgutxUs8g==",
      "license": "MIT"
    },
    "node_modules/cubic2quad": {
      "version": "1.2.1",
      "resolved": "https://registry.npmjs.org/cubic2quad/-/cubic2quad-1.2.1.tgz",
      "integrity": "sha512-wT5Y7mO8abrV16gnssKdmIhIbA9wSkeMzhh27jAguKrV82i24wER0vL5TGhUJ9dbJNDcigoRZ0IAHFEEEI4THQ==",
      "license": "MIT"
    },
    "node_modules/element-to-path": {
      "version": "1.2.1",
      "resolved": "https://registry.npmjs.org/element-to-path/-/element-to-path-1.2.1.tgz",
      "integrity": "sha512-JNFZS0yI3Myywn/ltFj/yTihHNzMTYk0ycHcgcjlvA/dYMUjMIGqvbezPZeXN3U1Klp/aiigr2mpmhVRfudtbg==",
      "license": "MIT"
    },
    "node_modules/fast-string-truncated-width": {
      "version": "3.0.3",
      "resolved": "https://registry.npmjs.org/fast-string-truncated-width/-/fast-string-truncated-width-3.0.3.tgz",
      "integrity": "sha512-0jjjIEL6+0jag3l2XWWizO64/aZVtpiGE3t0Zgqxv0DPuxiMjvB3M24fCyhZUO4KomJQPj3LTSUnDP3GpdwC0g==",
      "license": "MIT"
    },
    "node_modules/fast-string-width": {
      "version": "3.0.2",
      "resolved": "https://registry.npmjs.org/fast-string-width/-/fast-string-width-3.0.2.tgz",
      "integrity": "sha512-gX8LrtNEI5hq8DVUfRQMbr5lpaS4nMIWV+7XEbXk2b8kiQIizgnlr12B4dA3ZEx3308ze0O4Q1R+cHts8kyUJg==",
      "license": "MIT",
      "dependencies": {
        "fast-string-truncated-width": "^3.0.2"
      }
    },
    "node_modules/find-up-json": {
      "version": "2.0.5",
      "resolved": "https://registry.npmjs.org/find-up-json/-/find-up-json-2.0.5.tgz",
      "integrity": "sha512-1zZZUfD1GOOEEd1AqwbRmCkCCv1O9t0vOpCYgmzfJqKty8WKaKlDyxWej8Aew+vI5lvDiTviaQuaVuu6GzlHzQ==",
      "license": "MIT",
      "dependencies": {
        "find-up-path": "^1.0.1"
      }
    },
    "node_modules/find-up-path": {
      "version": "1.0.1",
      "resolved": "https://registry.npmjs.org/find-up-path/-/find-up-path-1.0.1.tgz",
      "integrity": "sha512-cl4Sfxufq9WK848L887b4r+NVZoBjMeB4QydPZ+pXbp6Jt2nUVspTo2svNOm48stIIeSxtuCsULa9+e+LMTzwA==",
      "license": "MIT"
    },
    "node_modules/function-once": {
      "version": "3.0.1",
      "resolved": "https://registry.npmjs.org/function-once/-/function-once-3.0.1.tgz",
      "integrity": "sha512-bE3E8REk4jANDot3l0sLFkXgywBwzFKsmbwdnVHLJUnt/3kV6dNG0oJJqoRBuS1Z9Lr4ZoQgwV0ZNLDgWDbv7Q==",
      "license": "MIT"
    },
    "node_modules/get-current-package": {
      "version": "1.0.1",
      "resolved": "https://registry.npmjs.org/get-current-package/-/get-current-package-1.0.1.tgz",
      "integrity": "sha512-c/Rw5ByDQ+zg+Lh/emBWv0bDpugEFdmXPR6/srIemVtIvol0XbT0JAr8Db0cX+Jj/xY9wj1wdjeq2qNB35Tayg==",
      "license": "MIT",
      "dependencies": {
        "find-up-json": "^2.0.5"
      }
    },
    "node_modules/grammex": {
      "version": "3.1.12",
      "resolved": "https://registry.npmjs.org/grammex/-/grammex-3.1.12.tgz",
      "integrity": "sha512-6ufJOsSA7LcQehIJNCO7HIBykfM7DXQual0Ny780/DEcJIpBlHRvcqEBWGPYd7hrXL2GJ3oJI1MIhaXjWmLQOQ==",
      "license": "MIT"
    },
    "node_modules/ifont": {
      "version": "1.0.3",
      "resolved": "https://registry.npmjs.org/ifont/-/ifont-1.0.3.tgz",
      "integrity": "sha512-WC6IitI/f+w1yaxg8fbvPUV6g/+q13OiiIbyMpP1ti3iwqjBY9Wk6Z/ZeUMfai8gXpr05N4b+P2xAT+qN45ocw==",
      "dependencies": {
        "cubic2quad": "^1.2.1",
        "element-to-path": "^1.2.1",
        "microbuffer": "^1.0.0",
        "radix64-encoding": "^2.0.1",
        "specialist": "^1.3.0",
        "svgpath": "^2.6.0",
        "tiny-open": "^1.0.0",
        "xml-simple-parser": "^1.0.1",
        "zeptoid": "^1.0.1"
      },
      "bin": {
        "ifont": "dist/bin.js"
      }
    },
    "node_modules/ionstore": {
      "version": "1.0.1",
      "resolved": "https://registry.npmjs.org/ionstore/-/ionstore-1.0.1.tgz",
      "integrity": "sha512-g+99vyka3EiNFJCnbq3NxegjV211RzGtkDUMbZGB01Con8ZqUmMx/FpWMeqgDXOqgM7QoVeDhe+CfYCWznaDVA==",
      "license": "MIT"
    },
    "node_modules/microbuffer": {
      "version": "1.0.0",
      "resolved": "https://registry.npmjs.org/microbuffer/-/microbuffer-1.0.0.tgz",
      "integrity": "sha512-O/SUXauVN4x6RaEJFqSPcXNtLFL+QzJHKZlyDVYFwcDDRVca3Fa/37QXXC+4zAGGa4YhHrHxKXuuHvLDIQECtA==",
      "license": "MIT"
    },
    "node_modules/node-buffer-encoding": {
      "version": "1.0.3",
      "resolved": "https://registry.npmjs.org/node-buffer-encoding/-/node-buffer-encoding-1.0.3.tgz",
      "integrity": "sha512-9hJZNChhQoCN1rCFScJiEwtzvWEJw2wSnu2nhDLD/YOYl1Ce8GbtnorsnjwwjpSk4sWE7zSp2etX6j7+bO7fVA==",
      "license": "MIT"
    },
    "node_modules/radix64-encoding": {
      "version": "2.0.2",
      "resolved": "https://registry.npmjs.org/radix64-encoding/-/radix64-encoding-2.0.2.tgz",
      "integrity": "sha512-rhe9tqLWYEH3o24pu37LLyI0wR87nyFt7jUf8dM1jGa6nVNhwTXOH0PYpo89Ucr4hp6ePfAvHu9lwnnxlzkpSw==",
      "license": "MIT",
      "dependencies": {
        "node-buffer-encoding": "^1.0.3",
        "uint8-encoding": "^2.0.1"
      }
    },
    "node_modules/specialist": {
      "version": "1.4.5",
      "resolved": "https://registry.npmjs.org/specialist/-/specialist-1.4.5.tgz",
      "integrity": "sha512-4mPQEREzBUW2hzlXX/dWFbQdUWzpkqvMFVpUAdRlo1lUlhKMObDHiAo09oZ94x4cS3uWMJebPOTn+GaQYLfv3Q==",
      "license": "MIT",
      "dependencies": {
        "tiny-bin": "^1.10.3",
        "tiny-colors": "^2.2.2",
        "tiny-parse-argv": "^2.8.1",
        "tiny-updater": "^3.5.3"
      }
    },
    "node_modules/svgpath": {
      "version": "2.6.0",
      "resolved": "https://registry.npmjs.org/svgpath/-/svgpath-2.6.0.tgz",
      "integrity": "sha512-OIWR6bKzXvdXYyO4DK/UWa1VA1JeKq8E+0ug2DG98Y/vOmMpfZNj+TIG988HjfYSqtcy/hFOtZq/n/j5GSESNg==",
      "license": "MIT",
      "funding": {
        "url": "https://github.com/fontello/svg2ttf?sponsor=1"
      }
    },
    "node_modules/tiny-bin": {
      "version": "1.11.3",
      "resolved": "https://registry.npmjs.org/tiny-bin/-/tiny-bin-1.11.3.tgz",
      "integrity": "sha512-CrBbiKsvJN4bHSDA0cPau4t5KWdGUUAcTXQ8bB14XNqNY+68UZF4Zo7WRVdHLq0j0GYZjIRbNDg+zJbJXDEXeg==",
      "license": "MIT",
      "dependencies": {
        "ansi-purge": "^1.0.1",
        "fast-string-width": "^3.0.1",
        "get-current-package": "^1.0.1",
        "tiny-colors": "^2.2.2",
        "tiny-levenshtein": "^1.1.0",
        "tiny-parse-argv": "^2.8.2",
        "tiny-updater": "^3.5.3"
      }
    },
    "node_modules/tiny-colors": {
      "version": "2.2.2",
      "resolved": "https://registry.npmjs.org/tiny-colors/-/tiny-colors-2.2.2.tgz",
      "integrity": "sha512-Elmv7JL+dX0c78caKEelH1nHHBskHzJkaqBRgVvQuxsvVA/Z9Fa2R3ZZtfmkkajcd18e96RLMwJvtFqC8jsZWA==",
      "license": "MIT"
    },
    "node_modules/tiny-levenshtein": {
      "version": "1.1.0",
      "resolved": "https://registry.npmjs.org/tiny-levenshtein/-/tiny-levenshtein-1.1.0.tgz",
      "integrity": "sha512-sU4wduNrjb2e51rgPOTy6nx3ag8pQPFA9XQCQQsFmECWEDS23LEoYsZv3fhVuJNIcxzBNMvCDDb7e/PPOP+vxw==",
      "license": "MIT"
    },
    "node_modules/tiny-open": {
      "version": "1.2.0",
      "resolved": "https://registry.npmjs.org/tiny-open/-/tiny-open-1.2.0.tgz",
      "integrity": "sha512-Ibqpncj/mg8TIr1gzwq0cTJLV3kLcueZ3obb5PBw10DSqREYsPB1eI+7tg4DzBf6xptXLyr0juQIxmkPVFTNkQ==",
      "license": "MIT"
    },
    "node_modules/tiny-parse-argv": {
      "version": "2.8.2",
      "resolved": "https://registry.npmjs.org/tiny-parse-argv/-/tiny-parse-argv-2.8.2.tgz",
      "integrity": "sha512-RnIDHQ+r9zMuslQWVoRxfKVOumteeheQqbwNYJyQxzM2vzx/vdN5xAeL64F3rQOpfbVdxFkhM4zPDyfq7SxsBQ==",
      "license": "MIT"
    },
    "node_modules/tiny-updater": {
      "version": "3.7.0",
      "resolved": "https://registry.npmjs.org/tiny-updater/-/tiny-updater-3.7.0.tgz",
      "integrity": "sha512-d1qNP+YObARMlu2FS3XiJmLTj7JGIWrpKB7Vj1WmPmdAUHDI6yXRE1AmI671bTZKsnC3lCrMSnAu5zG1A5gGag==",
      "license": "MIT",
      "dependencies": {
        "function-once": "^3.0.1",
        "ionstore": "^1.0.1",
        "tiny-colors": "^2.2.2",
        "when-exit": "^2.1.5"
      }
    },
    "node_modules/tiny-webcrypto": {
      "version": "1.0.3",
      "resolved": "https://registry.npmjs.org/tiny-webcrypto/-/tiny-webcrypto-1.0.3.tgz",
      "integrity": "sha512-LQQdNMAgz9BXNT2SKbYh3eCb+fLV0p7JB7MwUjzY6IOlQLGIadfnFqRpshERsS5Dl2OM/hs0+4I/XmSrF+RBbw==",
      "license": "MIT"
    },
    "node_modules/uint-rng": {
      "version": "1.2.1",
      "resolved": "https://registry.npmjs.org/uint-rng/-/uint-rng-1.2.1.tgz",
      "integrity": "sha512-swhDg5H+3DX2sIvnYA7VMBMXV/t8mPxvh49CjCDkwFmj/3OZIDOQwJANBgM1MPSUBrUHNIlXmU7/GcL7m4907g==",
      "license": "MIT",
      "dependencies": {
        "tiny-webcrypto": "^1.0.2"
      }
    },
    "node_modules/uint8-encoding": {
      "version": "2.0.1",
      "resolved": "https://registry.npmjs.org/uint8-encoding/-/uint8-encoding-2.0.1.tgz",
      "integrity": "sha512-xZAjZ+3OvrDtjFLLgojrLmG6T0YwZEo0OTyqCBxFjlFimIKnLtFqyYk6z/jDOUlJFJE52Srtrv4W4x7t4Cn/dA==",
      "license": "MIT"
    },
    "node_modules/when-exit": {
      "version": "2.1.5",
      "resolved": "https://registry.npmjs.org/when-exit/-/when-exit-2.1.5.tgz",
      "integrity": "sha512-VGkKJ564kzt6Ms1dbgPP/yuIoQCrsFAnRbptpC5wOEsDaNsbCB2bnfnaA8i/vRs5tjUSEOtIuvl9/MyVsvQZCg==",
      "license": "MIT"
    },
    "node_modules/xml-simple-parser": {
      "version": "1.0.1",
      "resolved": "https://registry.npmjs.org/xml-simple-parser/-/xml-simple-parser-1.0.1.tgz",
      "integrity": "sha512-i0wIccSgG14YyWxUw3I5m/5z/GZAOvUFAwC7agcZgn3vhjvktueYd2fByBsriPW+mXEukTRIErO2nJ+eUhxuuQ==",
      "dependencies": {
        "grammex": "^3.1.2"
      }
    },
    "node_modules/zeptoid": {
      "version": "1.0.2",
      "resolved": "https://registry.npmjs.org/zeptoid/-/zeptoid-1.0.2.tgz",
      "integrity": "sha512-awZU5xAcDaKCqLCga2zrcRM2M9DjHmD1SohoqM7T26SnrihVXVDbY+2s37TM50P2hoPWxewJzF0tV9T0ZMIpxA==",
      "license": "MIT",
      "dependencies": {
        "uint-rng": "^1.2.1"
      }
    }
  }
}
